
Microsoft Visual Studio Solution File, Format Version 12.00
# Visual Studio Version 17
VisualStudioVersion = 17.4.33403.182
MinimumVisualStudioVersion = 10.0.40219.1
Project("{FAE04EC0-301F-11D3-BF4B-00C04F79EFBC}") = "FileIOOpdracht", "FileIOOpdracht\FileIOOpdracht.csproj", "{6C9A4067-F430-48D4-8A19-1E6B0FCF5F2E}"
EndProject
Global
	GlobalSection(SolutionConfigurationPlatforms) = preSolution
		Debug|Any CPU = Debug|Any CPU
		Release|Any CPU = Release|Any CPU
	EndGlobalSection
	GlobalSection(ProjectConfigurationPlatforms) = postSolution
		{6C9A4067-F430-48D4-8A19-1E6B0FCF5F2E}.Debug|Any CPU.ActiveCfg = Debug|Any CPU
		{6C9A4067-F430-48D4-8A19-1E6B0FCF5F2E}.Debug|Any CPU.Build.0 = Debug|Any CPU
		{6C9A4067-F430-48D4-8A19-1E6B0FCF5F2E}.Release|Any CPU.ActiveCfg = Release|Any CPU
		{6C9A4067-F430-48D4-8A19-1E6B0FCF5F2E}.Release|Any CPU.Build.0 = Release|Any CPU
	EndGlobalSection
	GlobalSection(SolutionProperties) = preSolution
		HideSolutionNode = FALSE
	EndGlobalSection
	GlobalSection(ExtensibilityGlobals) = postSolution
		SolutionGuid = {EAF993BA-B3CA-4842-8A3F-7DCCB6BAFCD7}
	EndGlobalSection
EndGlobal
