
Microsoft Visual Studio Solution File, Format Version 12.00
# Visual Studio Version 17
VisualStudioVersion = 17.4.33403.182
MinimumVisualStudioVersion = 10.0.40219.1
Project("{FAE04EC0-301F-11D3-BF4B-00C04F79EFBC}") = "FileDirOpdracht", "FileDirOpdracht\FileDirOpdracht.csproj", "{5D2D0AE4-2EB9-4206-AA52-F4F85D0A39BB}"
EndProject
Global
	GlobalSection(SolutionConfigurationPlatforms) = preSolution
		Debug|Any CPU = Debug|Any CPU
		Release|Any CPU = Release|Any CPU
	EndGlobalSection
	GlobalSection(ProjectConfigurationPlatforms) = postSolution
		{5D2D0AE4-2EB9-4206-AA52-F4F85D0A39BB}.Debug|Any CPU.ActiveCfg = Debug|Any CPU
		{5D2D0AE4-2EB9-4206-AA52-F4F85D0A39BB}.Debug|Any CPU.Build.0 = Debug|Any CPU
		{5D2D0AE4-2EB9-4206-AA52-F4F85D0A39BB}.Release|Any CPU.ActiveCfg = Release|Any CPU
		{5D2D0AE4-2EB9-4206-AA52-F4F85D0A39BB}.Release|Any CPU.Build.0 = Release|Any CPU
	EndGlobalSection
	GlobalSection(SolutionProperties) = preSolution
		HideSolutionNode = FALSE
	EndGlobalSection
	GlobalSection(ExtensibilityGlobals) = postSolution
		SolutionGuid = {6C3E71B5-75C4-4642-B140-DD6ADDB247A3}
	EndGlobalSection
EndGlobal
